// !$*UTF8*$!
{
	archiveVersion = 1;
	classes = {
	};
	objectVersion = 56;
	objects = {

/* Begin PBXBuildFile section */
		A5167A8E29A11F0900028C93 /* AppDelegate.swift in Sources */ = {isa = PBXBuildFile; fileRef = A5167A8D29A11F0900028C93 /* AppDelegate.swift */; };
		A5167A9029A11F0900028C93 /* SceneDelegate.swift in Sources */ = {isa = PBXBuildFile; fileRef = A5167A8F29A11F0900028C93 /* SceneDelegate.swift */; };
		A5167A9229A11F0900028C93 /* RMTabBarController.swift in Sources */ = {isa = PBXBuildFile; fileRef = A5167A9129A11F0900028C93 /* RMTabBarController.swift */; };
		A5167A9729A11F0A00028C93 /* Assets.xcassets in Resources */ = {isa = PBXBuildFile; fileRef = A5167A9629A11F0A00028C93 /* Assets.xcassets */; };
		A5167A9A29A11F0A00028C93 /* LaunchScreen.storyboard in Resources */ = {isa = PBXBuildFile; fileRef = A5167A9829A11F0A00028C93 /* LaunchScreen.storyboard */; };
		A5167AAA29A1229600028C93 /* RMLocation.swift in Sources */ = {isa = PBXBuildFile; fileRef = A5167AA929A1229600028C93 /* RMLocation.swift */; };
		A5167AAC29A122A100028C93 /* RMCharacter.swift in Sources */ = {isa = PBXBuildFile; fileRef = A5167AAB29A122A100028C93 /* RMCharacter.swift */; };
		A5167AAE29A122A900028C93 /* RMEpisode.swift in Sources */ = {isa = PBXBuildFile; fileRef = A5167AAD29A122A900028C93 /* RMEpisode.swift */; };
		A5167AB129A123C600028C93 /* RMCharacterViewController.swift in Sources */ = {isa = PBXBuildFile; fileRef = A5167AB029A123C600028C93 /* RMCharacterViewController.swift */; };
		A5167AB329A123E900028C93 /* RMLocationViewController.swift in Sources */ = {isa = PBXBuildFile; fileRef = A5167AB229A123E900028C93 /* RMLocationViewController.swift */; };
		A5167AB529A123FD00028C93 /* RMEspisodeViewController.swift in Sources */ = {isa = PBXBuildFile; fileRef = A5167AB429A123FD00028C93 /* RMEspisodeViewController.swift */; };
		A5167AB729A1241200028C93 /* RMSettingsViewController.swift in Sources */ = {isa = PBXBuildFile; fileRef = A5167AB629A1241200028C93 /* RMSettingsViewController.swift */; };
		A584153F29A133BE005A8837 /* RMService.swift in Sources */ = {isa = PBXBuildFile; fileRef = A584153E29A133BE005A8837 /* RMService.swift */; };
		A584154129A133D7005A8837 /* RMRequest.swift in Sources */ = {isa = PBXBuildFile; fileRef = A584154029A133D7005A8837 /* RMRequest.swift */; };
		A584154329A13480005A8837 /* RMEndpoint.swift in Sources */ = {isa = PBXBuildFile; fileRef = A584154229A13480005A8837 /* RMEndpoint.swift */; };
		A584154529A13F07005A8837 /* RMOrigin.swift in Sources */ = {isa = PBXBuildFile; fileRef = A584154429A13F07005A8837 /* RMOrigin.swift */; };
		A584154729A13F82005A8837 /* RMSingleLocation.swift in Sources */ = {isa = PBXBuildFile; fileRef = A584154629A13F82005A8837 /* RMSingleLocation.swift */; };
		A584154929A14099005A8837 /* RMCharacterStatus.swift in Sources */ = {isa = PBXBuildFile; fileRef = A584154829A14099005A8837 /* RMCharacterStatus.swift */; };
		A584154C29A141CC005A8837 /* RMCharacterGender.swift in Sources */ = {isa = PBXBuildFile; fileRef = A584154B29A141CC005A8837 /* RMCharacterGender.swift */; };
		A584155029A1A4C3005A8837 /* RMGetAllCharactersResponse.swift in Sources */ = {isa = PBXBuildFile; fileRef = A584154F29A1A4C3005A8837 /* RMGetAllCharactersResponse.swift */; };
		A584155229A1A83F005A8837 /* CharacterListViewViewModel.swift in Sources */ = {isa = PBXBuildFile; fileRef = A584155129A1A83F005A8837 /* CharacterListViewViewModel.swift */; };
		A584155429A1A936005A8837 /* CharacterListView.swift in Sources */ = {isa = PBXBuildFile; fileRef = A584155329A1A936005A8837 /* CharacterListView.swift */; };
		A584155629A1ADF8005A8837 /* Extensions.swift in Sources */ = {isa = PBXBuildFile; fileRef = A584155529A1ADF8005A8837 /* Extensions.swift */; };
/* End PBXBuildFile section */

/* Begin PBXFileReference section */
		A5167A8A29A11F0900028C93 /* RickAndMorty.app */ = {isa = PBXFileReference; explicitFileType = wrapper.application; includeInIndex = 0; path = RickAndMorty.app; sourceTree = BUILT_PRODUCTS_DIR; };
		A5167A8D29A11F0900028C93 /* AppDelegate.swift */ = {isa = PBXFileReference; lastKnownFileType = sourcecode.swift; path = AppDelegate.swift; sourceTree = "<group>"; };
		A5167A8F29A11F0900028C93 /* SceneDelegate.swift */ = {isa = PBXFileReference; lastKnownFileType = sourcecode.swift; path = SceneDelegate.swift; sourceTree = "<group>"; };
		A5167A9129A11F0900028C93 /* RMTabBarController.swift */ = {isa = PBXFileReference; lastKnownFileType = sourcecode.swift; path = RMTabBarController.swift; sourceTree = "<group>"; };
		A5167A9629A11F0A00028C93 /* Assets.xcassets */ = {isa = PBXFileReference; lastKnownFileType = folder.assetcatalog; path = Assets.xcassets; sourceTree = "<group>"; };
		A5167A9929A11F0A00028C93 /* Base */ = {isa = PBXFileReference; lastKnownFileType = file.storyboard; name = Base; path = Base.lproj/LaunchScreen.storyboard; sourceTree = "<group>"; };
		A5167A9B29A11F0A00028C93 /* Info.plist */ = {isa = PBXFileReference; lastKnownFileType = text.plist.xml; path = Info.plist; sourceTree = "<group>"; };
		A5167AA929A1229600028C93 /* RMLocation.swift */ = {isa = PBXFileReference; lastKnownFileType = sourcecode.swift; path = RMLocation.swift; sourceTree = "<group>"; };
		A5167AAB29A122A100028C93 /* RMCharacter.swift */ = {isa = PBXFileReference; lastKnownFileType = sourcecode.swift; path = RMCharacter.swift; sourceTree = "<group>"; };
		A5167AAD29A122A900028C93 /* RMEpisode.swift */ = {isa = PBXFileReference; lastKnownFileType = sourcecode.swift; path = RMEpisode.swift; sourceTree = "<group>"; };
		A5167AB029A123C600028C93 /* RMCharacterViewController.swift */ = {isa = PBXFileReference; lastKnownFileType = sourcecode.swift; path = RMCharacterViewController.swift; sourceTree = "<group>"; };
		A5167AB229A123E900028C93 /* RMLocationViewController.swift */ = {isa = PBXFileReference; lastKnownFileType = sourcecode.swift; path = RMLocationViewController.swift; sourceTree = "<group>"; };
		A5167AB429A123FD00028C93 /* RMEspisodeViewController.swift */ = {isa = PBXFileReference; lastKnownFileType = sourcecode.swift; path = RMEspisodeViewController.swift; sourceTree = "<group>"; };
		A5167AB629A1241200028C93 /* RMSettingsViewController.swift */ = {isa = PBXFileReference; lastKnownFileType = sourcecode.swift; path = RMSettingsViewController.swift; sourceTree = "<group>"; };
		A584153E29A133BE005A8837 /* RMService.swift */ = {isa = PBXFileReference; lastKnownFileType = sourcecode.swift; path = RMService.swift; sourceTree = "<group>"; };
		A584154029A133D7005A8837 /* RMRequest.swift */ = {isa = PBXFileReference; lastKnownFileType = sourcecode.swift; path = RMRequest.swift; sourceTree = "<group>"; };
		A584154229A13480005A8837 /* RMEndpoint.swift */ = {isa = PBXFileReference; lastKnownFileType = sourcecode.swift; path = RMEndpoint.swift; sourceTree = "<group>"; };
		A584154429A13F07005A8837 /* RMOrigin.swift */ = {isa = PBXFileReference; lastKnownFileType = sourcecode.swift; path = RMOrigin.swift; sourceTree = "<group>"; };
		A584154629A13F82005A8837 /* RMSingleLocation.swift */ = {isa = PBXFileReference; lastKnownFileType = sourcecode.swift; path = RMSingleLocation.swift; sourceTree = "<group>"; };
		A584154829A14099005A8837 /* RMCharacterStatus.swift */ = {isa = PBXFileReference; lastKnownFileType = sourcecode.swift; path = RMCharacterStatus.swift; sourceTree = "<group>"; };
		A584154B29A141CC005A8837 /* RMCharacterGender.swift */ = {isa = PBXFileReference; lastKnownFileType = sourcecode.swift; path = RMCharacterGender.swift; sourceTree = "<group>"; };
		A584154F29A1A4C3005A8837 /* RMGetAllCharactersResponse.swift */ = {isa = PBXFileReference; lastKnownFileType = sourcecode.swift; path = RMGetAllCharactersResponse.swift; sourceTree = "<group>"; };
		A584155129A1A83F005A8837 /* CharacterListViewViewModel.swift */ = {isa = PBXFileReference; lastKnownFileType = sourcecode.swift; path = CharacterListViewViewModel.swift; sourceTree = "<group>"; };
		A584155329A1A936005A8837 /* CharacterListView.swift */ = {isa = PBXFileReference; lastKnownFileType = sourcecode.swift; path = CharacterListView.swift; sourceTree = "<group>"; };
		A584155529A1ADF8005A8837 /* Extensions.swift */ = {isa = PBXFileReference; lastKnownFileType = sourcecode.swift; path = Extensions.swift; sourceTree = "<group>"; };
/* End PBXFileReference section */

/* Begin PBXFrameworksBuildPhase section */
		A5167A8729A11F0900028C93 /* Frameworks */ = {
			isa = PBXFrameworksBuildPhase;
			buildActionMask = 2147483647;
			files = (
			);
			runOnlyForDeploymentPostprocessing = 0;
		};
/* End PBXFrameworksBuildPhase section */

/* Begin PBXGroup section */
		A5167A8129A11F0900028C93 = {
			isa = PBXGroup;
			children = (
				A5167A8C29A11F0900028C93 /* RickAndMorty */,
				A5167A8B29A11F0900028C93 /* Products */,
			);
			sourceTree = "<group>";
		};
		A5167A8B29A11F0900028C93 /* Products */ = {
			isa = PBXGroup;
			children = (
				A5167A8A29A11F0900028C93 /* RickAndMorty.app */,
			);
			name = Products;
			sourceTree = "<group>";
		};
		A5167A8C29A11F0900028C93 /* RickAndMorty */ = {
			isa = PBXGroup;
			children = (
				A5167AA829A1216000028C93 /* ViewModels */,
				A5167AA729A1215400028C93 /* ApiClient */,
				A5167AA629A1214400028C93 /* Managers */,
				A5167AA529A1213B00028C93 /* Resources */,
				A5167AA329A1210800028C93 /* Views */,
				A5167AA229A120FE00028C93 /* Models */,
				A5167AA129A120EB00028C93 /* Controllers */,
				A5167A9B29A11F0A00028C93 /* Info.plist */,
			);
			path = RickAndMorty;
			sourceTree = "<group>";
		};
		A5167AA129A120EB00028C93 /* Controllers */ = {
			isa = PBXGroup;
			children = (
				A5167AAF29A1236900028C93 /* Core */,
			);
			path = Controllers;
			sourceTree = "<group>";
		};
		A5167AA229A120FE00028C93 /* Models */ = {
			isa = PBXGroup;
			children = (
				A584154E29A1A4A1005A8837 /* APIResponseTypes */,
				A584154D29A1A498005A8837 /* DataTypes */,
			);
			path = Models;
			sourceTree = "<group>";
		};
		A5167AA329A1210800028C93 /* Views */ = {
			isa = PBXGroup;
			children = (
				A584155329A1A936005A8837 /* CharacterListView.swift */,
			);
			path = Views;
			sourceTree = "<group>";
		};
		A5167AA529A1213B00028C93 /* Resources */ = {
			isa = PBXGroup;
			children = (
				A5167A9829A11F0A00028C93 /* LaunchScreen.storyboard */,
				A5167A9629A11F0A00028C93 /* Assets.xcassets */,
				A5167A8F29A11F0900028C93 /* SceneDelegate.swift */,
				A5167A8D29A11F0900028C93 /* AppDelegate.swift */,
				A584155529A1ADF8005A8837 /* Extensions.swift */,
			);
			path = Resources;
			sourceTree = "<group>";
		};
		A5167AA629A1214400028C93 /* Managers */ = {
			isa = PBXGroup;
			children = (
			);
			path = Managers;
			sourceTree = "<group>";
		};
		A5167AA729A1215400028C93 /* ApiClient */ = {
			isa = PBXGroup;
			children = (
				A584153E29A133BE005A8837 /* RMService.swift */,
				A584154029A133D7005A8837 /* RMRequest.swift */,
				A584154229A13480005A8837 /* RMEndpoint.swift */,
			);
			path = ApiClient;
			sourceTree = "<group>";
		};
		A5167AA829A1216000028C93 /* ViewModels */ = {
			isa = PBXGroup;
			children = (
				A584155129A1A83F005A8837 /* CharacterListViewViewModel.swift */,
			);
			path = ViewModels;
			sourceTree = "<group>";
		};
		A5167AAF29A1236900028C93 /* Core */ = {
			isa = PBXGroup;
			children = (
				A5167A9129A11F0900028C93 /* RMTabBarController.swift */,
				A5167AB029A123C600028C93 /* RMCharacterViewController.swift */,
				A5167AB229A123E900028C93 /* RMLocationViewController.swift */,
				A5167AB429A123FD00028C93 /* RMEspisodeViewController.swift */,
				A5167AB629A1241200028C93 /* RMSettingsViewController.swift */,
			);
			path = Core;
			sourceTree = "<group>";
		};
		A584154D29A1A498005A8837 /* DataTypes */ = {
			isa = PBXGroup;
			children = (
				A5167AA929A1229600028C93 /* RMLocation.swift */,
				A5167AAB29A122A100028C93 /* RMCharacter.swift */,
				A5167AAD29A122A900028C93 /* RMEpisode.swift */,
				A584154429A13F07005A8837 /* RMOrigin.swift */,
				A584154629A13F82005A8837 /* RMSingleLocation.swift */,
				A584154829A14099005A8837 /* RMCharacterStatus.swift */,
				A584154B29A141CC005A8837 /* RMCharacterGender.swift */,
			);
			path = DataTypes;
			sourceTree = "<group>";
		};
		A584154E29A1A4A1005A8837 /* APIResponseTypes */ = {
			isa = PBXGroup;
			children = (
				A584154F29A1A4C3005A8837 /* RMGetAllCharactersResponse.swift */,
			);
			path = APIResponseTypes;
			sourceTree = "<group>";
		};
/* End PBXGroup section */

/* Begin PBXNativeTarget section */
		A5167A8929A11F0900028C93 /* RickAndMorty */ = {
			isa = PBXNativeTarget;
			buildConfigurationList = A5167A9E29A11F0A00028C93 /* Build configuration list for PBXNativeTarget "RickAndMorty" */;
			buildPhases = (
				A5167A8629A11F0900028C93 /* Sources */,
				A5167A8729A11F0900028C93 /* Frameworks */,
				A5167A8829A11F0900028C93 /* Resources */,
			);
			buildRules = (
			);
			dependencies = (
			);
			name = RickAndMorty;
			productName = RickAndMorty;
			productReference = A5167A8A29A11F0900028C93 /* RickAndMorty.app */;
			productType = "com.apple.product-type.application";
		};
/* End PBXNativeTarget section */

/* Begin PBXProject section */
		A5167A8229A11F0900028C93 /* Project object */ = {
			isa = PBXProject;
			attributes = {
				BuildIndependentTargetsInParallel = 1;
				LastSwiftUpdateCheck = 1420;
				LastUpgradeCheck = 1420;
				TargetAttributes = {
					A5167A8929A11F0900028C93 = {
						CreatedOnToolsVersion = 14.2;
					};
				};
			};
			buildConfigurationList = A5167A8529A11F0900028C93 /* Build configuration list for PBXProject "RickAndMorty" */;
			compatibilityVersion = "Xcode 14.0";
			developmentRegion = en;
			hasScannedForEncodings = 0;
			knownRegions = (
				en,
				Base,
			);
			mainGroup = A5167A8129A11F0900028C93;
			productRefGroup = A5167A8B29A11F0900028C93 /* Products */;
			projectDirPath = "";
			projectRoot = "";
			targets = (
				A5167A8929A11F0900028C93 /* RickAndMorty */,
			);
		};
/* End PBXProject section */

/* Begin PBXResourcesBuildPhase section */
		A5167A8829A11F0900028C93 /* Resources */ = {
			isa = PBXResourcesBuildPhase;
			buildActionMask = 2147483647;
			files = (
				A5167A9A29A11F0A00028C93 /* LaunchScreen.storyboard in Resources */,
				A5167A9729A11F0A00028C93 /* Assets.xcassets in Resources */,
			);
			runOnlyForDeploymentPostprocessing = 0;
		};
/* End PBXResourcesBuildPhase section */

/* Begin PBXSourcesBuildPhase section */
		A5167A8629A11F0900028C93 /* Sources */ = {
			isa = PBXSourcesBuildPhase;
			buildActionMask = 2147483647;
			files = (
				A584154529A13F07005A8837 /* RMOrigin.swift in Sources */,
				A584154729A13F82005A8837 /* RMSingleLocation.swift in Sources */,
				A584155429A1A936005A8837 /* CharacterListView.swift in Sources */,
				A584155029A1A4C3005A8837 /* RMGetAllCharactersResponse.swift in Sources */,
				A584154929A14099005A8837 /* RMCharacterStatus.swift in Sources */,
				A5167AB329A123E900028C93 /* RMLocationViewController.swift in Sources */,
				A5167AB529A123FD00028C93 /* RMEspisodeViewController.swift in Sources */,
				A5167AAE29A122A900028C93 /* RMEpisode.swift in Sources */,
				A5167A9229A11F0900028C93 /* RMTabBarController.swift in Sources */,
				A5167A8E29A11F0900028C93 /* AppDelegate.swift in Sources */,
				A5167A9029A11F0900028C93 /* SceneDelegate.swift in Sources */,
				A5167AB729A1241200028C93 /* RMSettingsViewController.swift in Sources */,
				A584154C29A141CC005A8837 /* RMCharacterGender.swift in Sources */,
				A584155629A1ADF8005A8837 /* Extensions.swift in Sources */,
				A584153F29A133BE005A8837 /* RMService.swift in Sources */,
				A5167AAA29A1229600028C93 /* RMLocation.swift in Sources */,
				A584154329A13480005A8837 /* RMEndpoint.swift in Sources */,
				A5167AAC29A122A100028C93 /* RMCharacter.swift in Sources */,
				A584154129A133D7005A8837 /* RMRequest.swift in Sources */,
				A584155229A1A83F005A8837 /* CharacterListViewViewModel.swift in Sources */,
				A5167AB129A123C600028C93 /* RMCharacterViewController.swift in Sources */,
			);
			runOnlyForDeploymentPostprocessing = 0;
		};
/* End PBXSourcesBuildPhase section */

/* Begin PBXVariantGroup section */
		A5167A9829A11F0A00028C93 /* LaunchScreen.storyboard */ = {
			isa = PBXVariantGroup;
			children = (
				A5167A9929A11F0A00028C93 /* Base */,
			);
			name = LaunchScreen.storyboard;
			sourceTree = "<group>";
		};
/* End PBXVariantGroup section */

/* Begin XCBuildConfiguration section */
		A5167A9C29A11F0A00028C93 /* Debug */ = {
			isa = XCBuildConfiguration;
			buildSettings = {
				ALWAYS_SEARCH_USER_PATHS = NO;
				CLANG_ANALYZER_NONNULL = YES;
				CLANG_ANALYZER_NUMBER_OBJECT_CONVERSION = YES_AGGRESSIVE;
				CLANG_CXX_LANGUAGE_STANDARD = "gnu++20";
				CLANG_ENABLE_MODULES = YES;
				CLANG_ENABLE_OBJC_ARC = YES;
				CLANG_ENABLE_OBJC_WEAK = YES;
				CLANG_WARN_BLOCK_CAPTURE_AUTORELEASING = YES;
				CLANG_WARN_BOOL_CONVERSION = YES;
				CLANG_WARN_COMMA = YES;
				CLANG_WARN_CONSTANT_CONVERSION = YES;
				CLANG_WARN_DEPRECATED_OBJC_IMPLEMENTATIONS = YES;
				CLANG_WARN_DIRECT_OBJC_ISA_USAGE = YES_ERROR;
				CLANG_WARN_DOCUMENTATION_COMMENTS = YES;
				CLANG_WARN_EMPTY_BODY = YES;
				CLANG_WARN_ENUM_CONVERSION = YES;
				CLANG_WARN_INFINITE_RECURSION = YES;
				CLANG_WARN_INT_CONVERSION = YES;
				CLANG_WARN_NON_LITERAL_NULL_CONVERSION = YES;
				CLANG_WARN_OBJC_IMPLICIT_RETAIN_SELF = YES;
				CLANG_WARN_OBJC_LITERAL_CONVERSION = YES;
				CLANG_WARN_OBJC_ROOT_CLASS = YES_ERROR;
				CLANG_WARN_QUOTED_INCLUDE_IN_FRAMEWORK_HEADER = YES;
				CLANG_WARN_RANGE_LOOP_ANALYSIS = YES;
				CLANG_WARN_STRICT_PROTOTYPES = YES;
				CLANG_WARN_SUSPICIOUS_MOVE = YES;
				CLANG_WARN_UNGUARDED_AVAILABILITY = YES_AGGRESSIVE;
				CLANG_WARN_UNREACHABLE_CODE = YES;
				CLANG_WARN__DUPLICATE_METHOD_MATCH = YES;
				COPY_PHASE_STRIP = NO;
				DEBUG_INFORMATION_FORMAT = dwarf;
				ENABLE_STRICT_OBJC_MSGSEND = YES;
				ENABLE_TESTABILITY = YES;
				GCC_C_LANGUAGE_STANDARD = gnu11;
				GCC_DYNAMIC_NO_PIC = NO;
				GCC_NO_COMMON_BLOCKS = YES;
				GCC_OPTIMIZATION_LEVEL = 0;
				GCC_PREPROCESSOR_DEFINITIONS = (
					"DEBUG=1",
					"$(inherited)",
				);
				GCC_WARN_64_TO_32_BIT_CONVERSION = YES;
				GCC_WARN_ABOUT_RETURN_TYPE = YES_ERROR;
				GCC_WARN_UNDECLARED_SELECTOR = YES;
				GCC_WARN_UNINITIALIZED_AUTOS = YES_AGGRESSIVE;
				GCC_WARN_UNUSED_FUNCTION = YES;
				GCC_WARN_UNUSED_VARIABLE = YES;
				IPHONEOS_DEPLOYMENT_TARGET = 16.2;
				MTL_ENABLE_DEBUG_INFO = INCLUDE_SOURCE;
				MTL_FAST_MATH = YES;
				ONLY_ACTIVE_ARCH = YES;
				SDKROOT = iphoneos;
				SWIFT_ACTIVE_COMPILATION_CONDITIONS = DEBUG;
				SWIFT_OPTIMIZATION_LEVEL = "-Onone";
			};
			name = Debug;
		};
		A5167A9D29A11F0A00028C93 /* Release */ = {
			isa = XCBuildConfiguration;
			buildSettings = {
				ALWAYS_SEARCH_USER_PATHS = NO;
				CLANG_ANALYZER_NONNULL = YES;
				CLANG_ANALYZER_NUMBER_OBJECT_CONVERSION = YES_AGGRESSIVE;
				CLANG_CXX_LANGUAGE_STANDARD = "gnu++20";
				CLANG_ENABLE_MODULES = YES;
				CLANG_ENABLE_OBJC_ARC = YES;
				CLANG_ENABLE_OBJC_WEAK = YES;
				CLANG_WARN_BLOCK_CAPTURE_AUTORELEASING = YES;
				CLANG_WARN_BOOL_CONVERSION = YES;
				CLANG_WARN_COMMA = YES;
				CLANG_WARN_CONSTANT_CONVERSION = YES;
				CLANG_WARN_DEPRECATED_OBJC_IMPLEMENTATIONS = YES;
				CLANG_WARN_DIRECT_OBJC_ISA_USAGE = YES_ERROR;
				CLANG_WARN_DOCUMENTATION_COMMENTS = YES;
				CLANG_WARN_EMPTY_BODY = YES;
				CLANG_WARN_ENUM_CONVERSION = YES;
				CLANG_WARN_INFINITE_RECURSION = YES;
				CLANG_WARN_INT_CONVERSION = YES;
				CLANG_WARN_NON_LITERAL_NULL_CONVERSION = YES;
				CLANG_WARN_OBJC_IMPLICIT_RETAIN_SELF = YES;
				CLANG_WARN_OBJC_LITERAL_CONVERSION = YES;
				CLANG_WARN_OBJC_ROOT_CLASS = YES_ERROR;
				CLANG_WARN_QUOTED_INCLUDE_IN_FRAMEWORK_HEADER = YES;
				CLANG_WARN_RANGE_LOOP_ANALYSIS = YES;
				CLANG_WARN_STRICT_PROTOTYPES = YES;
				CLANG_WARN_SUSPICIOUS_MOVE = YES;
				CLANG_WARN_UNGUARDED_AVAILABILITY = YES_AGGRESSIVE;
				CLANG_WARN_UNREACHABLE_CODE = YES;
				CLANG_WARN__DUPLICATE_METHOD_MATCH = YES;
				COPY_PHASE_STRIP = NO;
				DEBUG_INFORMATION_FORMAT = "dwarf-with-dsym";
				ENABLE_NS_ASSERTIONS = NO;
				ENABLE_STRICT_OBJC_MSGSEND = YES;
				GCC_C_LANGUAGE_STANDARD = gnu11;
				GCC_NO_COMMON_BLOCKS = YES;
				GCC_WARN_64_TO_32_BIT_CONVERSION = YES;
				GCC_WARN_ABOUT_RETURN_TYPE = YES_ERROR;
				GCC_WARN_UNDECLARED_SELECTOR = YES;
				GCC_WARN_UNINITIALIZED_AUTOS = YES_AGGRESSIVE;
				GCC_WARN_UNUSED_FUNCTION = YES;
				GCC_WARN_UNUSED_VARIABLE = YES;
				IPHONEOS_DEPLOYMENT_TARGET = 16.2;
				MTL_ENABLE_DEBUG_INFO = NO;
				MTL_FAST_MATH = YES;
				SDKROOT = iphoneos;
				SWIFT_COMPILATION_MODE = wholemodule;
				SWIFT_OPTIMIZATION_LEVEL = "-O";
				VALIDATE_PRODUCT = YES;
			};
			name = Release;
		};
		A5167A9F29A11F0A00028C93 /* Debug */ = {
			isa = XCBuildConfiguration;
			buildSettings = {
				ASSETCATALOG_COMPILER_APPICON_NAME = AppIcon;
				ASSETCATALOG_COMPILER_GLOBAL_ACCENT_COLOR_NAME = AccentColor;
				CODE_SIGN_STYLE = Automatic;
				CURRENT_PROJECT_VERSION = 1;
				GENERATE_INFOPLIST_FILE = YES;
				INFOPLIST_FILE = RickAndMorty/Info.plist;
				INFOPLIST_KEY_UIApplicationSupportsIndirectInputEvents = YES;
				INFOPLIST_KEY_UILaunchStoryboardName = LaunchScreen;
				INFOPLIST_KEY_UISupportedInterfaceOrientations_iPad = "UIInterfaceOrientationPortrait UIInterfaceOrientationPortraitUpsideDown UIInterfaceOrientationLandscapeLeft UIInterfaceOrientationLandscapeRight";
				INFOPLIST_KEY_UISupportedInterfaceOrientations_iPhone = "UIInterfaceOrientationPortrait UIInterfaceOrientationLandscapeLeft UIInterfaceOrientationLandscapeRight";
				LD_RUNPATH_SEARCH_PATHS = (
					"$(inherited)",
					"@executable_path/Frameworks",
				);
				MARKETING_VERSION = 1.0;
				PRODUCT_BUNDLE_IDENTIFIER = dev.isiahjones.RickAndMorty;
				PRODUCT_NAME = "$(TARGET_NAME)";
				SWIFT_EMIT_LOC_STRINGS = YES;
				SWIFT_VERSION = 5.0;
				TARGETED_DEVICE_FAMILY = "1,2";
			};
			name = Debug;
		};
		A5167AA029A11F0A00028C93 /* Release */ = {
			isa = XCBuildConfiguration;
			buildSettings = {
				ASSETCATALOG_COMPILER_APPICON_NAME = AppIcon;
				ASSETCATALOG_COMPILER_GLOBAL_ACCENT_COLOR_NAME = AccentColor;
				CODE_SIGN_STYLE = Automatic;
				CURRENT_PROJECT_VERSION = 1;
				GENERATE_INFOPLIST_FILE = YES;
				INFOPLIST_FILE = RickAndMorty/Info.plist;
				INFOPLIST_KEY_UIApplicationSupportsIndirectInputEvents = YES;
				INFOPLIST_KEY_UILaunchStoryboardName = LaunchScreen;
				INFOPLIST_KEY_UISupportedInterfaceOrientations_iPad = "UIInterfaceOrientationPortrait UIInterfaceOrientationPortraitUpsideDown UIInterfaceOrientationLandscapeLeft UIInterfaceOrientationLandscapeRight";
				INFOPLIST_KEY_UISupportedInterfaceOrientations_iPhone = "UIInterfaceOrientationPortrait UIInterfaceOrientationLandscapeLeft UIInterfaceOrientationLandscapeRight";
				LD_RUNPATH_SEARCH_PATHS = (
					"$(inherited)",
					"@executable_path/Frameworks",
				);
				MARKETING_VERSION = 1.0;
				PRODUCT_BUNDLE_IDENTIFIER = dev.isiahjones.RickAndMorty;
				PRODUCT_NAME = "$(TARGET_NAME)";
				SWIFT_EMIT_LOC_STRINGS = YES;
				SWIFT_VERSION = 5.0;
				TARGETED_DEVICE_FAMILY = "1,2";
			};
			name = Release;
		};
/* End XCBuildConfiguration section */

/* Begin XCConfigurationList section */
		A5167A8529A11F0900028C93 /* Build configuration list for PBXProject "RickAndMorty" */ = {
			isa = XCConfigurationList;
			buildConfigurations = (
				A5167A9C29A11F0A00028C93 /* Debug */,
				A5167A9D29A11F0A00028C93 /* Release */,
			);
			defaultConfigurationIsVisible = 0;
			defaultConfigurationName = Release;
		};
		A5167A9E29A11F0A00028C93 /* Build configuration list for PBXNativeTarget "RickAndMorty" */ = {
			isa = XCConfigurationList;
			buildConfigurations = (
				A5167A9F29A11F0A00028C93 /* Debug */,
				A5167AA029A11F0A00028C93 /* Release */,
			);
			defaultConfigurationIsVisible = 0;
			defaultConfigurationName = Release;
		};
/* End XCConfigurationList section */
	};
	rootObject = A5167A8229A11F0900028C93 /* Project object */;
}
